
Microsoft Visual Studio Solution File, Format Version 12.00
# Visual Studio Version 17
VisualStudioVersion = 17.8.34525.116
MinimumVisualStudioVersion = 10.0.40219.1
Project("{FAE04EC0-301F-11D3-BF4B-00C04F79EFBC}") = "FormGenerator", "FormGenerator.csproj", "{0547365B-CA1C-4161-A65E-D8AA24263CDF}"
EndProject
Global
	GlobalSection(SolutionConfigurationPlatforms) = preSolution
		Debug|Any CPU = Debug|Any CPU
		Release|Any CPU = Release|Any CPU
	EndGlobalSection
	GlobalSection(ProjectConfigurationPlatforms) = postSolution
		{0547365B-CA1C-4161-A65E-D8AA24263CDF}.Debug|Any CPU.ActiveCfg = Debug|Any CPU
		{0547365B-CA1C-4161-A65E-D8AA24263CDF}.Debug|Any CPU.Build.0 = Debug|Any CPU
		{0547365B-CA1C-4161-A65E-D8AA24263CDF}.Release|Any CPU.ActiveCfg = Release|Any CPU
		{0547365B-CA1C-4161-A65E-D8AA24263CDF}.Release|Any CPU.Build.0 = Release|Any CPU
	EndGlobalSection
	GlobalSection(SolutionProperties) = preSolution
		HideSolutionNode = FALSE
	EndGlobalSection
	GlobalSection(ExtensibilityGlobals) = postSolution
		SolutionGuid = {A381C20D-76CD-4D3F-8EB2-909B3F96886E}
	EndGlobalSection
EndGlobal
